Microsoft Visual Studio Solution File, Format Version 12.00
# Visual Studio 15
VisualStudioVersion = 15.0.28010.2046
MinimumVisualStudioVersion = 10.0.40219.1
Project("{FAE04EC0-301F-11D3-BF4B-00C04F79EFBC}") = "ShopLens.Droid", "Droid\ShopLens.Droid.csproj", "{C9A1F13C-C165-4F1A-9B77-494622B5657B}"
EndProject
Project("{FAE04EC0-301F-11D3-BF4B-00C04F79EFBC}") = "ImageRecognitionMobile", "ImageRecognitionMobile\ImageRecognitionMobile.csproj", "{DE6726C1-E1F5-40D8-8583-D3C519F85EBE}"
EndProject
Global
	GlobalSection(SharedMSBuildProjectFiles) = preSolution
		ShopLens\ShopLens.projitems*{96116e4f-89d6-4260-8a3f-e358dc24b460}*SharedItemsImports = 13
		ShopLens\ShopLens.projitems*{c9a1f13c-c165-4f1a-9b77-494622b5657b}*SharedItemsImports = 4
	EndGlobalSection
	GlobalSection(SolutionConfigurationPlatforms) = preSolution
		Debug|Any CPU = Debug|Any CPU
		Debug|iPhone = Debug|iPhone
		Debug|iPhoneSimulator = Debug|iPhoneSimulator
		Release|Any CPU = Release|Any CPU
		Release|iPhone = Release|iPhone
		Release|iPhoneSimulator = Release|iPhoneSimulator
	EndGlobalSection
	GlobalSection(ProjectConfigurationPlatforms) = postSolution
		{C9A1F13C-C165-4F1A-9B77-494622B5657B}.Debug|Any CPU.ActiveCfg = Debug|Any CPU
		{C9A1F13C-C165-4F1A-9B77-494622B5657B}.Debug|Any CPU.Build.0 = Debug|Any CPU
		{C9A1F13C-C165-4F1A-9B77-494622B5657B}.Debug|Any CPU.Deploy.0 = Debug|Any CPU
		{C9A1F13C-C165-4F1A-9B77-494622B5657B}.Debug|iPhone.ActiveCfg = Debug|Any CPU
		{C9A1F13C-C165-4F1A-9B77-494622B5657B}.Debug|iPhone.Build.0 = Debug|Any CPU
		{C9A1F13C-C165-4F1A-9B77-494622B5657B}.Debug|iPhoneSimulator.ActiveCfg = Debug|Any CPU
		{C9A1F13C-C165-4F1A-9B77-494622B5657B}.Debug|iPhoneSimulator.Build.0 = Debug|Any CPU
		{C9A1F13C-C165-4F1A-9B77-494622B5657B}.Release|Any CPU.ActiveCfg = Release|Any CPU
		{C9A1F13C-C165-4F1A-9B77-494622B5657B}.Release|Any CPU.Build.0 = Release|Any CPU
		{C9A1F13C-C165-4F1A-9B77-494622B5657B}.Release|iPhone.ActiveCfg = Release|Any CPU
		{C9A1F13C-C165-4F1A-9B77-494622B5657B}.Release|iPhone.Build.0 = Release|Any CPU
		{C9A1F13C-C165-4F1A-9B77-494622B5657B}.Release|iPhoneSimulator.ActiveCfg = Release|Any CPU
		{C9A1F13C-C165-4F1A-9B77-494622B5657B}.Release|iPhoneSimulator.Build.0 = Release|Any CPU
		{DE6726C1-E1F5-40D8-8583-D3C519F85EBE}.Debug|Any CPU.ActiveCfg = Debug|Any CPU
		{DE6726C1-E1F5-40D8-8583-D3C519F85EBE}.Debug|Any CPU.Build.0 = Debug|Any CPU
		{DE6726C1-E1F5-40D8-8583-D3C519F85EBE}.Debug|iPhone.ActiveCfg = Debug|Any CPU
		{DE6726C1-E1F5-40D8-8583-D3C519F85EBE}.Debug|iPhone.Build.0 = Debug|Any CPU
		{DE6726C1-E1F5-40D8-8583-D3C519F85EBE}.Debug|iPhoneSimulator.ActiveCfg = Debug|Any CPU
		{DE6726C1-E1F5-40D8-8583-D3C519F85EBE}.Debug|iPhoneSimulator.Build.0 = Debug|Any CPU
		{DE6726C1-E1F5-40D8-8583-D3C519F85EBE}.Release|Any CPU.ActiveCfg = Release|Any CPU
		{DE6726C1-E1F5-40D8-8583-D3C519F85EBE}.Release|Any CPU.Build.0 = Release|Any CPU
		{DE6726C1-E1F5-40D8-8583-D3C519F85EBE}.Release|iPhone.ActiveCfg = Release|Any CPU
		{DE6726C1-E1F5-40D8-8583-D3C519F85EBE}.Release|iPhone.Build.0 = Release|Any CPU
		{DE6726C1-E1F5-40D8-8583-D3C519F85EBE}.Release|iPhoneSimulator.ActiveCfg = Release|Any CPU
		{DE6726C1-E1F5-40D8-8583-D3C519F85EBE}.Release|iPhoneSimulator.Build.0 = Release|Any CPU
	EndGlobalSection
	GlobalSection(SolutionProperties) = preSolution
		HideSolutionNode = FALSE
	EndGlobalSection
	GlobalSection(ExtensibilityGlobals) = postSolution
		SolutionGuid = {0302D9CF-41E9-4558-8CE8-CCB6524FB739}
	EndGlobalSection
EndGlobal
